
Microsoft Visual Studio Solution File, Format Version 11.00
# Visual Studio 2010
Project("{2150E333-8FDC-42A3-9474-1A3956D46DE8}") = "Anvil", "Anvil", "{5FF8AFDC-FC0F-4D18-94C5-911F83041514}"
EndProject
Project("{FAE04EC0-301F-11D3-BF4B-00C04F79EFBC}") = "Firehand.Anvil.Core", "Anvil\Firehand.Anvil.Core\Firehand.Anvil.Core.csproj", "{F8C35981-4FEB-4A4E-B854-98F5EF4AD701}"
EndProject
Project("{2150E333-8FDC-42A3-9474-1A3956D46DE8}") = "Core", "Core", "{26D3CA09-B4B8-4CC5-9C16-465EAB84606B}"
EndProject
Project("{FAE04EC0-301F-11D3-BF4B-00C04F79EFBC}") = "Firehand.Core", "Core\Firehand.Core\Firehand.Core.csproj", "{C787FBDF-5BE2-4964-802D-926DCF258A7C}"
EndProject
Project("{FAE04EC0-301F-11D3-BF4B-00C04F79EFBC}") = "Firehand.Core.Renderer", "Core\Firehand.Core.Renderer\Firehand.Core.Renderer.csproj", "{9E05BB02-8688-4A8D-BE1B-DB37F7A7A68D}"
EndProject
Project("{FAE04EC0-301F-11D3-BF4B-00C04F79EFBC}") = "Firehand.Core.Brains", "Core\Firehand.Core.Brains\Firehand.Core.Brains.csproj", "{5EA7B45E-875D-4D3C-8DB2-19C937E478E0}"
EndProject
Project("{FAE04EC0-301F-11D3-BF4B-00C04F79EFBC}") = "Firehand.Core.Lights", "Core\Firehand.Core.Lights\Firehand.Core.Lights.csproj", "{19CA2283-84EA-47E1-8FAA-949BCA88F475}"
EndProject
Project("{FAE04EC0-301F-11D3-BF4B-00C04F79EFBC}") = "Firehand.Core.Particles", "Core\Firehand.Core.Particles\Firehand.Core.Particles.csproj", "{6712753C-3F6E-47C4-9DFE-E16F346CF25E}"
EndProject
Project("{FAE04EC0-301F-11D3-BF4B-00C04F79EFBC}") = "Firehand.Core.Screens", "Core\Firehand.Core.Screens\Firehand.Core.Screens.csproj", "{84D7783E-806B-4637-B9F8-CAD44AF41611}"
EndProject
Project("{FAE04EC0-301F-11D3-BF4B-00C04F79EFBC}") = "Firehand.Core.Sprites", "Core\Firehand.Core.Sprites\Firehand.Core.Sprites.csproj", "{CA118E6A-4DB5-4388-A3B2-689359E64B0E}"
EndProject
Project("{FAE04EC0-301F-11D3-BF4B-00C04F79EFBC}") = "Firehand.Core.Animations", "Core\Firehand.Core.Animations\Firehand.Core.Animations.csproj", "{0181AF26-FD0B-40F3-A270-28153B709AB1}"
EndProject
Project("{FAE04EC0-301F-11D3-BF4B-00C04F79EFBC}") = "Firehand.Core.Levels", "Core\Firehand.Core.Levels\Firehand.Core.Levels.csproj", "{69D41913-E67C-45E8-AA00-22BF08B73E90}"
EndProject
Project("{FAE04EC0-301F-11D3-BF4B-00C04F79EFBC}") = "Firehand.Core.Tongues", "Core\Firehand.Core.Tongues\Firehand.Core.Tongues.csproj", "{C4BF598C-D79D-4634-BCD6-7D3B8B5A2CF0}"
EndProject
Project("{2150E333-8FDC-42A3-9474-1A3956D46DE8}") = "Framework", "Framework", "{E3875FBC-3487-47DF-B3D9-83BB6BAE70C9}"
EndProject
Project("{FAE04EC0-301F-11D3-BF4B-00C04F79EFBC}") = "Firehand.Framework", "Framework\Firehand.Framework\Firehand.Framework.csproj", "{E0D4B8CD-AEC1-406F-A572-B45F55A3084C}"
EndProject
Project("{2150E333-8FDC-42A3-9474-1A3956D46DE8}") = "Tests", "Tests", "{FBB24517-2CCB-4B04-A4A9-59D90E4CF7FE}"
EndProject
Project("{2150E333-8FDC-42A3-9474-1A3956D46DE8}") = "Core", "Core", "{388DB2F0-F696-4EBF-BE5B-37FA5A809812}"
	ProjectSection(MonoDevelopProperties) = preProject
		BaseDirectory = Tests\Core
	EndProjectSection
EndProject
Project("{FAE04EC0-301F-11D3-BF4B-00C04F79EFBC}") = "Firehand.Tests.Core", "Tests\Core\Firehand.Tests.Core\Firehand.Tests.Core.csproj", "{3AC48A55-EC93-4AC6-A4F6-50568544FF68}"
EndProject
Project("{FAE04EC0-301F-11D3-BF4B-00C04F79EFBC}") = "Firehand.Tests.Core.Renderer", "Tests\Core\Firehand.Tests.Core.Renderer\Firehand.Tests.Core.Renderer.csproj", "{337488CE-43A5-4D4F-A90A-315440F4D2CA}"
EndProject
Project("{FAE04EC0-301F-11D3-BF4B-00C04F79EFBC}") = "Firehand.Tests.Core.Animations", "Tests\Core\Firehand.Tests.Core.Animations\Firehand.Tests.Core.Animations.csproj", "{2B5A2245-74C2-471D-A852-F9BA3DB925C5}"
EndProject
Project("{FAE04EC0-301F-11D3-BF4B-00C04F79EFBC}") = "Firehand.Tests.Core.Brains", "Tests\Core\Firehand.Tests.Core.Brains\Firehand.Tests.Core.Brains.csproj", "{DC1A0871-8BA3-483F-86DD-B2D6842EEA85}"
EndProject
Project("{FAE04EC0-301F-11D3-BF4B-00C04F79EFBC}") = "Firehand.Tests.Core.Levels", "Tests\Core\Firehand.Tests.Core.Levels\Firehand.Tests.Core.Levels.csproj", "{38FC6428-7E1D-4333-94C4-3D62AB3C12FA}"
EndProject
Project("{FAE04EC0-301F-11D3-BF4B-00C04F79EFBC}") = "Firehand.Tests.Core.Lights", "Tests\Core\Firehand.Tests.Core.Lights\Firehand.Tests.Core.Lights.csproj", "{FD33DA44-F300-47FE-9923-65022BD35832}"
EndProject
Project("{FAE04EC0-301F-11D3-BF4B-00C04F79EFBC}") = "Firehand.Tests.Core.Particles", "Tests\Core\Firehand.Tests.Core.Particles\Firehand.Tests.Core.Particles.csproj", "{5E4C1AB2-3CD6-4189-AF5E-1E0126FFD087}"
EndProject
Project("{FAE04EC0-301F-11D3-BF4B-00C04F79EFBC}") = "Firehand.Tests.Core.Screens", "Tests\Core\Firehand.Tests.Core.Screens\Firehand.Tests.Core.Screens.csproj", "{A53CA03D-87A8-44F5-8545-9D607848FD8A}"
EndProject
Project("{FAE04EC0-301F-11D3-BF4B-00C04F79EFBC}") = "Firehand.Tests.Core.Sprites", "Tests\Core\Firehand.Tests.Core.Sprites\Firehand.Tests.Core.Sprites.csproj", "{60AA6D3A-371D-4B8E-A1AB-A5A01BBCB87F}"
EndProject
Project("{FAE04EC0-301F-11D3-BF4B-00C04F79EFBC}") = "Firehand.Tests.Core.Tongues", "Tests\Core\Firehand.Tests.Core.Tongues\Firehand.Tests.Core.Tongues.csproj", "{B9B0FCAD-A5E4-445B-A58C-685F82210921}"
EndProject
Project("{2150E333-8FDC-42A3-9474-1A3956D46DE8}") = "Anvil", "Anvil", "{2CB23FA2-D423-4DE8-AA99-CF2656ABC10C}"
	ProjectSection(MonoDevelopProperties) = preProject
		BaseDirectory = Tests\Anvil
	EndProjectSection
EndProject
Project("{FAE04EC0-301F-11D3-BF4B-00C04F79EFBC}") = "Firehand.Tests.Anvil.Core", "Tests\Anvil\Firehand.Tests.Anvil.Core\Firehand.Tests.Anvil.Core.csproj", "{1878DB74-219A-4F7F-AF68-B8EAC7389BB9}"
EndProject
Project("{2150E333-8FDC-42A3-9474-1A3956D46DE8}") = "Framework", "Framework", "{E33D8690-908B-4699-B5A2-04D30B51201B}"
	ProjectSection(MonoDevelopProperties) = preProject
		BaseDirectory = Tests\Framework
	EndProjectSection
EndProject
Project("{FAE04EC0-301F-11D3-BF4B-00C04F79EFBC}") = "Firehand.Tests.Framework", "Tests\Framework\Firehand.Tests.Framework\Firehand.Tests.Framework.csproj", "{56F4923D-1D3B-4D92-A583-A2E9409E15FC}"
EndProject
Global
	GlobalSection(SolutionConfigurationPlatforms) = preSolution
		Debug|Any CPU = Debug|Any CPU
		Release|Any CPU = Release|Any CPU
	EndGlobalSection
	GlobalSection(ProjectConfigurationPlatforms) = postSolution
		{0181AF26-FD0B-40F3-A270-28153B709AB1}.Debug|Any CPU.ActiveCfg = Debug|Any CPU
		{0181AF26-FD0B-40F3-A270-28153B709AB1}.Debug|Any CPU.Build.0 = Debug|Any CPU
		{0181AF26-FD0B-40F3-A270-28153B709AB1}.Release|Any CPU.ActiveCfg = Release|Any CPU
		{0181AF26-FD0B-40F3-A270-28153B709AB1}.Release|Any CPU.Build.0 = Release|Any CPU
		{1878DB74-219A-4F7F-AF68-B8EAC7389BB9}.Debug|Any CPU.ActiveCfg = Debug|Any CPU
		{1878DB74-219A-4F7F-AF68-B8EAC7389BB9}.Debug|Any CPU.Build.0 = Debug|Any CPU
		{1878DB74-219A-4F7F-AF68-B8EAC7389BB9}.Release|Any CPU.ActiveCfg = Release|Any CPU
		{1878DB74-219A-4F7F-AF68-B8EAC7389BB9}.Release|Any CPU.Build.0 = Release|Any CPU
		{19CA2283-84EA-47E1-8FAA-949BCA88F475}.Debug|Any CPU.ActiveCfg = Debug|Any CPU
		{19CA2283-84EA-47E1-8FAA-949BCA88F475}.Debug|Any CPU.Build.0 = Debug|Any CPU
		{19CA2283-84EA-47E1-8FAA-949BCA88F475}.Release|Any CPU.ActiveCfg = Release|Any CPU
		{19CA2283-84EA-47E1-8FAA-949BCA88F475}.Release|Any CPU.Build.0 = Release|Any CPU
		{2B5A2245-74C2-471D-A852-F9BA3DB925C5}.Debug|Any CPU.ActiveCfg = Debug|Any CPU
		{2B5A2245-74C2-471D-A852-F9BA3DB925C5}.Debug|Any CPU.Build.0 = Debug|Any CPU
		{2B5A2245-74C2-471D-A852-F9BA3DB925C5}.Release|Any CPU.ActiveCfg = Release|Any CPU
		{2B5A2245-74C2-471D-A852-F9BA3DB925C5}.Release|Any CPU.Build.0 = Release|Any CPU
		{337488CE-43A5-4D4F-A90A-315440F4D2CA}.Debug|Any CPU.ActiveCfg = Debug|Any CPU
		{337488CE-43A5-4D4F-A90A-315440F4D2CA}.Debug|Any CPU.Build.0 = Debug|Any CPU
		{337488CE-43A5-4D4F-A90A-315440F4D2CA}.Release|Any CPU.ActiveCfg = Release|Any CPU
		{337488CE-43A5-4D4F-A90A-315440F4D2CA}.Release|Any CPU.Build.0 = Release|Any CPU
		{38FC6428-7E1D-4333-94C4-3D62AB3C12FA}.Debug|Any CPU.ActiveCfg = Debug|Any CPU
		{38FC6428-7E1D-4333-94C4-3D62AB3C12FA}.Debug|Any CPU.Build.0 = Debug|Any CPU
		{38FC6428-7E1D-4333-94C4-3D62AB3C12FA}.Release|Any CPU.ActiveCfg = Release|Any CPU
		{38FC6428-7E1D-4333-94C4-3D62AB3C12FA}.Release|Any CPU.Build.0 = Release|Any CPU
		{3AC48A55-EC93-4AC6-A4F6-50568544FF68}.Debug|Any CPU.ActiveCfg = Debug|Any CPU
		{3AC48A55-EC93-4AC6-A4F6-50568544FF68}.Debug|Any CPU.Build.0 = Debug|Any CPU
		{3AC48A55-EC93-4AC6-A4F6-50568544FF68}.Release|Any CPU.ActiveCfg = Release|Any CPU
		{3AC48A55-EC93-4AC6-A4F6-50568544FF68}.Release|Any CPU.Build.0 = Release|Any CPU
		{56F4923D-1D3B-4D92-A583-A2E9409E15FC}.Debug|Any CPU.ActiveCfg = Debug|Any CPU
		{56F4923D-1D3B-4D92-A583-A2E9409E15FC}.Debug|Any CPU.Build.0 = Debug|Any CPU
		{56F4923D-1D3B-4D92-A583-A2E9409E15FC}.Release|Any CPU.ActiveCfg = Release|Any CPU
		{56F4923D-1D3B-4D92-A583-A2E9409E15FC}.Release|Any CPU.Build.0 = Release|Any CPU
		{5E4C1AB2-3CD6-4189-AF5E-1E0126FFD087}.Debug|Any CPU.ActiveCfg = Debug|Any CPU
		{5E4C1AB2-3CD6-4189-AF5E-1E0126FFD087}.Debug|Any CPU.Build.0 = Debug|Any CPU
		{5E4C1AB2-3CD6-4189-AF5E-1E0126FFD087}.Release|Any CPU.ActiveCfg = Release|Any CPU
		{5E4C1AB2-3CD6-4189-AF5E-1E0126FFD087}.Release|Any CPU.Build.0 = Release|Any CPU
		{5EA7B45E-875D-4D3C-8DB2-19C937E478E0}.Debug|Any CPU.ActiveCfg = Debug|Any CPU
		{5EA7B45E-875D-4D3C-8DB2-19C937E478E0}.Debug|Any CPU.Build.0 = Debug|Any CPU
		{5EA7B45E-875D-4D3C-8DB2-19C937E478E0}.Release|Any CPU.ActiveCfg = Release|Any CPU
		{5EA7B45E-875D-4D3C-8DB2-19C937E478E0}.Release|Any CPU.Build.0 = Release|Any CPU
		{60AA6D3A-371D-4B8E-A1AB-A5A01BBCB87F}.Debug|Any CPU.ActiveCfg = Debug|Any CPU
		{60AA6D3A-371D-4B8E-A1AB-A5A01BBCB87F}.Debug|Any CPU.Build.0 = Debug|Any CPU
		{60AA6D3A-371D-4B8E-A1AB-A5A01BBCB87F}.Release|Any CPU.ActiveCfg = Release|Any CPU
		{60AA6D3A-371D-4B8E-A1AB-A5A01BBCB87F}.Release|Any CPU.Build.0 = Release|Any CPU
		{6712753C-3F6E-47C4-9DFE-E16F346CF25E}.Debug|Any CPU.ActiveCfg = Debug|Any CPU
		{6712753C-3F6E-47C4-9DFE-E16F346CF25E}.Debug|Any CPU.Build.0 = Debug|Any CPU
		{6712753C-3F6E-47C4-9DFE-E16F346CF25E}.Release|Any CPU.ActiveCfg = Release|Any CPU
		{6712753C-3F6E-47C4-9DFE-E16F346CF25E}.Release|Any CPU.Build.0 = Release|Any CPU
		{69D41913-E67C-45E8-AA00-22BF08B73E90}.Debug|Any CPU.ActiveCfg = Debug|Any CPU
		{69D41913-E67C-45E8-AA00-22BF08B73E90}.Debug|Any CPU.Build.0 = Debug|Any CPU
		{69D41913-E67C-45E8-AA00-22BF08B73E90}.Release|Any CPU.ActiveCfg = Release|Any CPU
		{69D41913-E67C-45E8-AA00-22BF08B73E90}.Release|Any CPU.Build.0 = Release|Any CPU
		{84D7783E-806B-4637-B9F8-CAD44AF41611}.Debug|Any CPU.ActiveCfg = Debug|Any CPU
		{84D7783E-806B-4637-B9F8-CAD44AF41611}.Debug|Any CPU.Build.0 = Debug|Any CPU
		{84D7783E-806B-4637-B9F8-CAD44AF41611}.Release|Any CPU.ActiveCfg = Release|Any CPU
		{84D7783E-806B-4637-B9F8-CAD44AF41611}.Release|Any CPU.Build.0 = Release|Any CPU
		{9E05BB02-8688-4A8D-BE1B-DB37F7A7A68D}.Debug|Any CPU.ActiveCfg = Debug|Any CPU
		{9E05BB02-8688-4A8D-BE1B-DB37F7A7A68D}.Debug|Any CPU.Build.0 = Debug|Any CPU
		{9E05BB02-8688-4A8D-BE1B-DB37F7A7A68D}.Release|Any CPU.ActiveCfg = Release|Any CPU
		{9E05BB02-8688-4A8D-BE1B-DB37F7A7A68D}.Release|Any CPU.Build.0 = Release|Any CPU
		{A53CA03D-87A8-44F5-8545-9D607848FD8A}.Debug|Any CPU.ActiveCfg = Debug|Any CPU
		{A53CA03D-87A8-44F5-8545-9D607848FD8A}.Debug|Any CPU.Build.0 = Debug|Any CPU
		{A53CA03D-87A8-44F5-8545-9D607848FD8A}.Release|Any CPU.ActiveCfg = Release|Any CPU
		{A53CA03D-87A8-44F5-8545-9D607848FD8A}.Release|Any CPU.Build.0 = Release|Any CPU
		{B9B0FCAD-A5E4-445B-A58C-685F82210921}.Debug|Any CPU.ActiveCfg = Debug|Any CPU
		{B9B0FCAD-A5E4-445B-A58C-685F82210921}.Debug|Any CPU.Build.0 = Debug|Any CPU
		{B9B0FCAD-A5E4-445B-A58C-685F82210921}.Release|Any CPU.ActiveCfg = Release|Any CPU
		{B9B0FCAD-A5E4-445B-A58C-685F82210921}.Release|Any CPU.Build.0 = Release|Any CPU
		{C4BF598C-D79D-4634-BCD6-7D3B8B5A2CF0}.Debug|Any CPU.ActiveCfg = Debug|Any CPU
		{C4BF598C-D79D-4634-BCD6-7D3B8B5A2CF0}.Debug|Any CPU.Build.0 = Debug|Any CPU
		{C4BF598C-D79D-4634-BCD6-7D3B8B5A2CF0}.Release|Any CPU.ActiveCfg = Release|Any CPU
		{C4BF598C-D79D-4634-BCD6-7D3B8B5A2CF0}.Release|Any CPU.Build.0 = Release|Any CPU
		{C787FBDF-5BE2-4964-802D-926DCF258A7C}.Debug|Any CPU.ActiveCfg = Debug|Any CPU
		{C787FBDF-5BE2-4964-802D-926DCF258A7C}.Debug|Any CPU.Build.0 = Debug|Any CPU
		{C787FBDF-5BE2-4964-802D-926DCF258A7C}.Release|Any CPU.ActiveCfg = Release|Any CPU
		{C787FBDF-5BE2-4964-802D-926DCF258A7C}.Release|Any CPU.Build.0 = Release|Any CPU
		{CA118E6A-4DB5-4388-A3B2-689359E64B0E}.Debug|Any CPU.ActiveCfg = Debug|Any CPU
		{CA118E6A-4DB5-4388-A3B2-689359E64B0E}.Debug|Any CPU.Build.0 = Debug|Any CPU
		{CA118E6A-4DB5-4388-A3B2-689359E64B0E}.Release|Any CPU.ActiveCfg = Release|Any CPU
		{CA118E6A-4DB5-4388-A3B2-689359E64B0E}.Release|Any CPU.Build.0 = Release|Any CPU
		{DC1A0871-8BA3-483F-86DD-B2D6842EEA85}.Debug|Any CPU.ActiveCfg = Debug|Any CPU
		{DC1A0871-8BA3-483F-86DD-B2D6842EEA85}.Debug|Any CPU.Build.0 = Debug|Any CPU
		{DC1A0871-8BA3-483F-86DD-B2D6842EEA85}.Release|Any CPU.ActiveCfg = Release|Any CPU
		{DC1A0871-8BA3-483F-86DD-B2D6842EEA85}.Release|Any CPU.Build.0 = Release|Any CPU
		{E0D4B8CD-AEC1-406F-A572-B45F55A3084C}.Debug|Any CPU.ActiveCfg = Debug|Any CPU
		{E0D4B8CD-AEC1-406F-A572-B45F55A3084C}.Debug|Any CPU.Build.0 = Debug|Any CPU
		{E0D4B8CD-AEC1-406F-A572-B45F55A3084C}.Release|Any CPU.ActiveCfg = Release|Any CPU
		{E0D4B8CD-AEC1-406F-A572-B45F55A3084C}.Release|Any CPU.Build.0 = Release|Any CPU
		{F8C35981-4FEB-4A4E-B854-98F5EF4AD701}.Debug|Any CPU.ActiveCfg = Debug|Any CPU
		{F8C35981-4FEB-4A4E-B854-98F5EF4AD701}.Debug|Any CPU.Build.0 = Debug|Any CPU
		{F8C35981-4FEB-4A4E-B854-98F5EF4AD701}.Release|Any CPU.ActiveCfg = Release|Any CPU
		{F8C35981-4FEB-4A4E-B854-98F5EF4AD701}.Release|Any CPU.Build.0 = Release|Any CPU
		{FD33DA44-F300-47FE-9923-65022BD35832}.Debug|Any CPU.ActiveCfg = Debug|Any CPU
		{FD33DA44-F300-47FE-9923-65022BD35832}.Debug|Any CPU.Build.0 = Debug|Any CPU
		{FD33DA44-F300-47FE-9923-65022BD35832}.Release|Any CPU.ActiveCfg = Release|Any CPU
		{FD33DA44-F300-47FE-9923-65022BD35832}.Release|Any CPU.Build.0 = Release|Any CPU
	EndGlobalSection
	GlobalSection(NestedProjects) = preSolution
		{F8C35981-4FEB-4A4E-B854-98F5EF4AD701} = {5FF8AFDC-FC0F-4D18-94C5-911F83041514}
		{C787FBDF-5BE2-4964-802D-926DCF258A7C} = {26D3CA09-B4B8-4CC5-9C16-465EAB84606B}
		{9E05BB02-8688-4A8D-BE1B-DB37F7A7A68D} = {26D3CA09-B4B8-4CC5-9C16-465EAB84606B}
		{5EA7B45E-875D-4D3C-8DB2-19C937E478E0} = {26D3CA09-B4B8-4CC5-9C16-465EAB84606B}
		{19CA2283-84EA-47E1-8FAA-949BCA88F475} = {26D3CA09-B4B8-4CC5-9C16-465EAB84606B}
		{6712753C-3F6E-47C4-9DFE-E16F346CF25E} = {26D3CA09-B4B8-4CC5-9C16-465EAB84606B}
		{84D7783E-806B-4637-B9F8-CAD44AF41611} = {26D3CA09-B4B8-4CC5-9C16-465EAB84606B}
		{CA118E6A-4DB5-4388-A3B2-689359E64B0E} = {26D3CA09-B4B8-4CC5-9C16-465EAB84606B}
		{0181AF26-FD0B-40F3-A270-28153B709AB1} = {26D3CA09-B4B8-4CC5-9C16-465EAB84606B}
		{69D41913-E67C-45E8-AA00-22BF08B73E90} = {26D3CA09-B4B8-4CC5-9C16-465EAB84606B}
		{C4BF598C-D79D-4634-BCD6-7D3B8B5A2CF0} = {26D3CA09-B4B8-4CC5-9C16-465EAB84606B}
		{E0D4B8CD-AEC1-406F-A572-B45F55A3084C} = {E3875FBC-3487-47DF-B3D9-83BB6BAE70C9}
		{388DB2F0-F696-4EBF-BE5B-37FA5A809812} = {FBB24517-2CCB-4B04-A4A9-59D90E4CF7FE}
		{2CB23FA2-D423-4DE8-AA99-CF2656ABC10C} = {FBB24517-2CCB-4B04-A4A9-59D90E4CF7FE}
		{E33D8690-908B-4699-B5A2-04D30B51201B} = {FBB24517-2CCB-4B04-A4A9-59D90E4CF7FE}
		{3AC48A55-EC93-4AC6-A4F6-50568544FF68} = {388DB2F0-F696-4EBF-BE5B-37FA5A809812}
		{337488CE-43A5-4D4F-A90A-315440F4D2CA} = {388DB2F0-F696-4EBF-BE5B-37FA5A809812}
		{2B5A2245-74C2-471D-A852-F9BA3DB925C5} = {388DB2F0-F696-4EBF-BE5B-37FA5A809812}
		{DC1A0871-8BA3-483F-86DD-B2D6842EEA85} = {388DB2F0-F696-4EBF-BE5B-37FA5A809812}
		{38FC6428-7E1D-4333-94C4-3D62AB3C12FA} = {388DB2F0-F696-4EBF-BE5B-37FA5A809812}
		{FD33DA44-F300-47FE-9923-65022BD35832} = {388DB2F0-F696-4EBF-BE5B-37FA5A809812}
		{5E4C1AB2-3CD6-4189-AF5E-1E0126FFD087} = {388DB2F0-F696-4EBF-BE5B-37FA5A809812}
		{A53CA03D-87A8-44F5-8545-9D607848FD8A} = {388DB2F0-F696-4EBF-BE5B-37FA5A809812}
		{60AA6D3A-371D-4B8E-A1AB-A5A01BBCB87F} = {388DB2F0-F696-4EBF-BE5B-37FA5A809812}
		{B9B0FCAD-A5E4-445B-A58C-685F82210921} = {388DB2F0-F696-4EBF-BE5B-37FA5A809812}
		{1878DB74-219A-4F7F-AF68-B8EAC7389BB9} = {2CB23FA2-D423-4DE8-AA99-CF2656ABC10C}
		{56F4923D-1D3B-4D92-A583-A2E9409E15FC} = {E33D8690-908B-4699-B5A2-04D30B51201B}
	EndGlobalSection
	GlobalSection(MonoDevelopProperties) = preSolution
		StartupItem = Core\Firehand.Core\Firehand.Core.csproj
	EndGlobalSection
EndGlobal
